Microsoft Visual Studio Solution File, Format Version 12.00
# Visual Studio Version 17
VisualStudioVersion = 17.5.2.0
MinimumVisualStudioVersion = 10.0.40219.1
Project("{FAE04EC0-301F-11D3-BF4B-00C04F79EFBC}") = "FourFunctionCalculator", "FourFunctionCalculator.csproj", "{BCA4CB4B-4FF6-B5EC-9686-796D43E8D836}"
EndProject
Global
	GlobalSection(SolutionConfigurationPlatforms) = preSolution
		Debug|Any CPU = Debug|Any CPU
		Release|Any CPU = Release|Any CPU
	EndGlobalSection
	GlobalSection(ProjectConfigurationPlatforms) = postSolution
		{BCA4CB4B-4FF6-B5EC-9686-796D43E8D836}.Debug|Any CPU.ActiveCfg = Debug|Any CPU
		{BCA4CB4B-4FF6-B5EC-9686-796D43E8D836}.Debug|Any CPU.Build.0 = Debug|Any CPU
		{BCA4CB4B-4FF6-B5EC-9686-796D43E8D836}.Release|Any CPU.ActiveCfg = Release|Any CPU
		{BCA4CB4B-4FF6-B5EC-9686-796D43E8D836}.Release|Any CPU.Build.0 = Release|Any CPU
	EndGlobalSection
	GlobalSection(SolutionProperties) = preSolution
		HideSolutionNode = FALSE
	EndGlobalSection
	GlobalSection(ExtensibilityGlobals) = postSolution
		SolutionGuid = {105883C5-506B-4FB7-B7E4-FA25620C3C21}
	EndGlobalSection
EndGlobal
